{
  "name": "@ozibuild/make",
  "version": "0.0.1",
  "lockfileVersion": 3,
  "requires": true,
  "packages": {
    "": {
      "name": "@ozibuild/make",
      "version": "0.0.1",
      "license": "ISC",
      "devDependencies": {
        "@ozibuild/core": "file:../../packages/core"
      }
    },
    "../core": {
      "name": "@ozibuild/core",
      "version": "0.0.1",
      "dev": true,
      "license": "ISC",
      "devDependencies": {
        "@types/node": "^22.14.1",
        "typescript": "^5.8.3"
      }
    },
    "node_modules/@ozibuild/core": {
      "resolved": "../core",
      "link": true
    }
  }
}
